// !$*UTF8*$!
{
	archiveVersion = 1;
	classes = {
	};
	objectVersion = 56;
	objects = {

/* Begin PBXBuildFile section */
		BA70BBF02A79A5C000A4E19D /* JournalAppApp.swift in Sources */ = {isa = PBXBuildFile; fileRef = BA70BBEF2A79A5C000A4E19D /* JournalAppApp.swift */; };
		BA70BBF22A79A5C000A4E19D /* ContentView.swift in Sources */ = {isa = PBXBuildFile; fileRef = BA70BBF12A79A5C000A4E19D /* ContentView.swift */; };
		BA70BBF42A79A5C100A4E19D /* Assets.xcassets in Resources */ = {isa = PBXBuildFile; fileRef = BA70BBF32A79A5C100A4E19D /* Assets.xcassets */; };
		BA70BBF72A79A5C100A4E19D /* Preview Assets.xcassets in Resources */ = {isa = PBXBuildFile; fileRef = BA70BBF62A79A5C100A4E19D /* Preview Assets.xcassets */; };
		BA70BBFF2A79A6CE00A4E19D /* MoodView.swift in Sources */ = {isa = PBXBuildFile; fileRef = BA70BBFE2A79A6CE00A4E19D /* MoodView.swift */; };
		BA70BC012A79A70C00A4E19D /* MoodViewFull.swift in Sources */ = {isa = PBXBuildFile; fileRef = BA70BC002A79A70C00A4E19D /* MoodViewFull.swift */; };
		BA70BC032A79A74E00A4E19D /* MoodViewHalf.swift in Sources */ = {isa = PBXBuildFile; fileRef = BA70BC022A79A74E00A4E19D /* MoodViewHalf.swift */; };
		BA70BC052A79A7EE00A4E19D /* PhotoView.swift in Sources */ = {isa = PBXBuildFile; fileRef = BA70BC042A79A7EE00A4E19D /* PhotoView.swift */; };
		BA70BC072A79A81B00A4E19D /* SketchView.swift in Sources */ = {isa = PBXBuildFile; fileRef = BA70BC062A79A81B00A4E19D /* SketchView.swift */; };
		BA70BC092A79A84300A4E19D /* SleepView.swift in Sources */ = {isa = PBXBuildFile; fileRef = BA70BC082A79A84300A4E19D /* SleepView.swift */; };
		BA70BC0B2A79A86300A4E19D /* SleepViewFull.swift in Sources */ = {isa = PBXBuildFile; fileRef = BA70BC0A2A79A86300A4E19D /* SleepViewFull.swift */; };
		BA70BC0D2A79A88500A4E19D /* SleepViewHalf.swift in Sources */ = {isa = PBXBuildFile; fileRef = BA70BC0C2A79A88500A4E19D /* SleepViewHalf.swift */; };
		BA70BC0F2A79A8A600A4E19D /* TextView.swift in Sources */ = {isa = PBXBuildFile; fileRef = BA70BC0E2A79A8A600A4E19D /* TextView.swift */; };
		BA70BC112A79A8C600A4E19D /* TitleView.swift in Sources */ = {isa = PBXBuildFile; fileRef = BA70BC102A79A8C600A4E19D /* TitleView.swift */; };
		BA70BC142A79A93500A4E19D /* AmazingAlignment.swift in Sources */ = {isa = PBXBuildFile; fileRef = BA70BC132A79A93500A4E19D /* AmazingAlignment.swift */; };
		BA70BC162A79A95700A4E19D /* DebuggingViews.swift in Sources */ = {isa = PBXBuildFile; fileRef = BA70BC152A79A95700A4E19D /* DebuggingViews.swift */; };
		BA70BC182A79A98800A4E19D /* FunWithFrames.swift in Sources */ = {isa = PBXBuildFile; fileRef = BA70BC172A79A98800A4E19D /* FunWithFrames.swift */; };
		BA70BC1A2A79A9C100A4E19D /* LayingOutContainersView.swift in Sources */ = {isa = PBXBuildFile; fileRef = BA70BC192A79A9C100A4E19D /* LayingOutContainersView.swift */; };
		BA70BC1C2A79A9FA00A4E19D /* OrganizingViews.swift in Sources */ = {isa = PBXBuildFile; fileRef = BA70BC1B2A79A9FA00A4E19D /* OrganizingViews.swift */; };
		BA70BC1E2A79AA1D00A4E19D /* SizingView.swift in Sources */ = {isa = PBXBuildFile; fileRef = BA70BC1D2A79AA1D00A4E19D /* SizingView.swift */; };
		BA70BC202A79AA3D00A4E19D /* ViewSizing.swift in Sources */ = {isa = PBXBuildFile; fileRef = BA70BC1F2A79AA3D00A4E19D /* ViewSizing.swift */; };
		BA70BC232A79AA8200A4E19D /* Card.swift in Sources */ = {isa = PBXBuildFile; fileRef = BA70BC222A79AA8200A4E19D /* Card.swift */; };
		BA70BC252A79AABC00A4E19D /* ColorExtension.swift in Sources */ = {isa = PBXBuildFile; fileRef = BA70BC242A79AABC00A4E19D /* ColorExtension.swift */; };
		BA70BC272A79AADC00A4E19D /* Entry.swift in Sources */ = {isa = PBXBuildFile; fileRef = BA70BC262A79AADC00A4E19D /* Entry.swift */; };
		BA70BC292A79AAFD00A4E19D /* FileManagerExtension.swift in Sources */ = {isa = PBXBuildFile; fileRef = BA70BC282A79AAFD00A4E19D /* FileManagerExtension.swift */; };
		BA70BC2B2A79AB1B00A4E19D /* JournalData.swift in Sources */ = {isa = PBXBuildFile; fileRef = BA70BC2A2A79AB1B00A4E19D /* JournalData.swift */; };
		BA70BC2E2A79AB6100A4E19D /* CurveThemeView.swift in Sources */ = {isa = PBXBuildFile; fileRef = BA70BC2D2A79AB6100A4E19D /* CurveThemeView.swift */; };
		BA70BC302A79AB8700A4E19D /* DotsThemeView.swift in Sources */ = {isa = PBXBuildFile; fileRef = BA70BC2F2A79AB8700A4E19D /* DotsThemeView.swift */; };
		BA70BC322A79ABA800A4E19D /* RayThemeView.swift in Sources */ = {isa = PBXBuildFile; fileRef = BA70BC312A79ABA800A4E19D /* RayThemeView.swift */; };
		BA70BC342A79ABDB00A4E19D /* WaveThemeView.swift in Sources */ = {isa = PBXBuildFile; fileRef = BA70BC332A79ABDB00A4E19D /* WaveThemeView.swift */; };
		BA70BC362A79AC0700A4E19D /* YourTitleBanner.swift in Sources */ = {isa = PBXBuildFile; fileRef = BA70BC352A79AC0700A4E19D /* YourTitleBanner.swift */; };
		BA70BC382A79AC2F00A4E19D /* ButtonViews.swift in Sources */ = {isa = PBXBuildFile; fileRef = BA70BC372A79AC2F00A4E19D /* ButtonViews.swift */; };
		BA70BC3A2A79AC5500A4E19D /* CardView.swift in Sources */ = {isa = PBXBuildFile; fileRef = BA70BC392A79AC5500A4E19D /* CardView.swift */; };
		BA70BC3C2A79AC8600A4E19D /* EntryList.swift in Sources */ = {isa = PBXBuildFile; fileRef = BA70BC3B2A79AC8600A4E19D /* EntryList.swift */; };
		BA70BC3E2A79ACA600A4E19D /* EntryView.swift in Sources */ = {isa = PBXBuildFile; fileRef = BA70BC3D2A79ACA600A4E19D /* EntryView.swift */; };
		BA70BC402A79ACFD00A4E19D /* PickCardView.swift in Sources */ = {isa = PBXBuildFile; fileRef = BA70BC3F2A79ACFD00A4E19D /* PickCardView.swift */; };
		BA70BC422A79AD1C00A4E19D /* PreviewsView.swift in Sources */ = {isa = PBXBuildFile; fileRef = BA70BC412A79AD1C00A4E19D /* PreviewsView.swift */; };
		BA70BC442A79AD3F00A4E19D /* SettingsView.swift in Sources */ = {isa = PBXBuildFile; fileRef = BA70BC432A79AD3F00A4E19D /* SettingsView.swift */; };
		BA70BC462A79AD5900A4E19D /* ThemeViews.swift in Sources */ = {isa = PBXBuildFile; fileRef = BA70BC452A79AD5900A4E19D /* ThemeViews.swift */; };
/* End PBXBuildFile section */

/* Begin PBXFileReference section */
		BA70BBEC2A79A5C000A4E19D /* JournalApp.app */ = {isa = PBXFileReference; explicitFileType = wrapper.application; includeInIndex = 0; path = JournalApp.app; sourceTree = BUILT_PRODUCTS_DIR; };
		BA70BBEF2A79A5C000A4E19D /* JournalAppApp.swift */ = {isa = PBXFileReference; lastKnownFileType = sourcecode.swift; path = JournalAppApp.swift; sourceTree = "<group>"; };
		BA70BBF12A79A5C000A4E19D /* ContentView.swift */ = {isa = PBXFileReference; lastKnownFileType = sourcecode.swift; path = ContentView.swift; sourceTree = "<group>"; };
		BA70BBF32A79A5C100A4E19D /* Assets.xcassets */ = {isa = PBXFileReference; lastKnownFileType = folder.assetcatalog; path = Assets.xcassets; sourceTree = "<group>"; };
		BA70BBF62A79A5C100A4E19D /* Preview Assets.xcassets */ = {isa = PBXFileReference; lastKnownFileType = folder.assetcatalog; path = "Preview Assets.xcassets"; sourceTree = "<group>"; };
		BA70BBFE2A79A6CE00A4E19D /* MoodView.swift */ = {isa = PBXFileReference; lastKnownFileType = sourcecode.swift; path = MoodView.swift; sourceTree = "<group>"; };
		BA70BC002A79A70C00A4E19D /* MoodViewFull.swift */ = {isa = PBXFileReference; lastKnownFileType = sourcecode.swift; path = MoodViewFull.swift; sourceTree = "<group>"; };
		BA70BC022A79A74E00A4E19D /* MoodViewHalf.swift */ = {isa = PBXFileReference; lastKnownFileType = sourcecode.swift; path = MoodViewHalf.swift; sourceTree = "<group>"; };
		BA70BC042A79A7EE00A4E19D /* PhotoView.swift */ = {isa = PBXFileReference; lastKnownFileType = sourcecode.swift; path = PhotoView.swift; sourceTree = "<group>"; };
		BA70BC062A79A81B00A4E19D /* SketchView.swift */ = {isa = PBXFileReference; lastKnownFileType = sourcecode.swift; path = SketchView.swift; sourceTree = "<group>"; };
		BA70BC082A79A84300A4E19D /* SleepView.swift */ = {isa = PBXFileReference; lastKnownFileType = sourcecode.swift; path = SleepView.swift; sourceTree = "<group>"; };
		BA70BC0A2A79A86300A4E19D /* SleepViewFull.swift */ = {isa = PBXFileReference; lastKnownFileType = sourcecode.swift; path = SleepViewFull.swift; sourceTree = "<group>"; };
		BA70BC0C2A79A88500A4E19D /* SleepViewHalf.swift */ = {isa = PBXFileReference; lastKnownFileType = sourcecode.swift; path = SleepViewHalf.swift; sourceTree = "<group>"; };
		BA70BC0E2A79A8A600A4E19D /* TextView.swift */ = {isa = PBXFileReference; lastKnownFileType = sourcecode.swift; path = TextView.swift; sourceTree = "<group>"; };
		BA70BC102A79A8C600A4E19D /* TitleView.swift */ = {isa = PBXFileReference; lastKnownFileType = sourcecode.swift; path = TitleView.swift; sourceTree = "<group>"; };
		BA70BC132A79A93500A4E19D /* AmazingAlignment.swift */ = {isa = PBXFileReference; lastKnownFileType = sourcecode.swift; path = AmazingAlignment.swift; sourceTree = "<group>"; };
		BA70BC152A79A95700A4E19D /* DebuggingViews.swift */ = {isa = PBXFileReference; lastKnownFileType = sourcecode.swift; path = DebuggingViews.swift; sourceTree = "<group>"; };
		BA70BC172A79A98800A4E19D /* FunWithFrames.swift */ = {isa = PBXFileReference; lastKnownFileType = sourcecode.swift; path = FunWithFrames.swift; sourceTree = "<group>"; };
		BA70BC192A79A9C100A4E19D /* LayingOutContainersView.swift */ = {isa = PBXFileReference; lastKnownFileType = sourcecode.swift; path = LayingOutContainersView.swift; sourceTree = "<group>"; };
		BA70BC1B2A79A9FA00A4E19D /* OrganizingViews.swift */ = {isa = PBXFileReference; lastKnownFileType = sourcecode.swift; path = OrganizingViews.swift; sourceTree = "<group>"; };
		BA70BC1D2A79AA1D00A4E19D /* SizingView.swift */ = {isa = PBXFileReference; lastKnownFileType = sourcecode.swift; path = SizingView.swift; sourceTree = "<group>"; };
		BA70BC1F2A79AA3D00A4E19D /* ViewSizing.swift */ = {isa = PBXFileReference; lastKnownFileType = sourcecode.swift; path = ViewSizing.swift; sourceTree = "<group>"; };
		BA70BC222A79AA8200A4E19D /* Card.swift */ = {isa = PBXFileReference; lastKnownFileType = sourcecode.swift; path = Card.swift; sourceTree = "<group>"; };
		BA70BC242A79AABC00A4E19D /* ColorExtension.swift */ = {isa = PBXFileReference; lastKnownFileType = sourcecode.swift; path = ColorExtension.swift; sourceTree = "<group>"; };
		BA70BC262A79AADC00A4E19D /* Entry.swift */ = {isa = PBXFileReference; lastKnownFileType = sourcecode.swift; path = Entry.swift; sourceTree = "<group>"; };
		BA70BC282A79AAFD00A4E19D /* FileManagerExtension.swift */ = {isa = PBXFileReference; lastKnownFileType = sourcecode.swift; path = FileManagerExtension.swift; sourceTree = "<group>"; };
		BA70BC2A2A79AB1B00A4E19D /* JournalData.swift */ = {isa = PBXFileReference; lastKnownFileType = sourcecode.swift; path = JournalData.swift; sourceTree = "<group>"; };
		BA70BC2D2A79AB6100A4E19D /* CurveThemeView.swift */ = {isa = PBXFileReference; lastKnownFileType = sourcecode.swift; path = CurveThemeView.swift; sourceTree = "<group>"; };
		BA70BC2F2A79AB8700A4E19D /* DotsThemeView.swift */ = {isa = PBXFileReference; lastKnownFileType = sourcecode.swift; path = DotsThemeView.swift; sourceTree = "<group>"; };
		BA70BC312A79ABA800A4E19D /* RayThemeView.swift */ = {isa = PBXFileReference; lastKnownFileType = sourcecode.swift; path = RayThemeView.swift; sourceTree = "<group>"; };
		BA70BC332A79ABDB00A4E19D /* WaveThemeView.swift */ = {isa = PBXFileReference; lastKnownFileType = sourcecode.swift; path = WaveThemeView.swift; sourceTree = "<group>"; };
		BA70BC352A79AC0700A4E19D /* YourTitleBanner.swift */ = {isa = PBXFileReference; lastKnownFileType = sourcecode.swift; path = YourTitleBanner.swift; sourceTree = "<group>"; };
		BA70BC372A79AC2F00A4E19D /* ButtonViews.swift */ = {isa = PBXFileReference; lastKnownFileType = sourcecode.swift; path = ButtonViews.swift; sourceTree = "<group>"; };
		BA70BC392A79AC5500A4E19D /* CardView.swift */ = {isa = PBXFileReference; lastKnownFileType = sourcecode.swift; path = CardView.swift; sourceTree = "<group>"; };
		BA70BC3B2A79AC8600A4E19D /* EntryList.swift */ = {isa = PBXFileReference; lastKnownFileType = sourcecode.swift; path = EntryList.swift; sourceTree = "<group>"; };
		BA70BC3D2A79ACA600A4E19D /* EntryView.swift */ = {isa = PBXFileReference; lastKnownFileType = sourcecode.swift; path = EntryView.swift; sourceTree = "<group>"; };
		BA70BC3F2A79ACFD00A4E19D /* PickCardView.swift */ = {isa = PBXFileReference; lastKnownFileType = sourcecode.swift; path = PickCardView.swift; sourceTree = "<group>"; };
		BA70BC412A79AD1C00A4E19D /* PreviewsView.swift */ = {isa = PBXFileReference; lastKnownFileType = sourcecode.swift; path = PreviewsView.swift; sourceTree = "<group>"; };
		BA70BC432A79AD3F00A4E19D /* SettingsView.swift */ = {isa = PBXFileReference; lastKnownFileType = sourcecode.swift; path = SettingsView.swift; sourceTree = "<group>"; };
		BA70BC452A79AD5900A4E19D /* ThemeViews.swift */ = {isa = PBXFileReference; lastKnownFileType = sourcecode.swift; path = ThemeViews.swift; sourceTree = "<group>"; };
/* End PBXFileReference section */

/* Begin PBXFrameworksBuildPhase section */
		BA70BBE92A79A5C000A4E19D /* Frameworks */ = {
			isa = PBXFrameworksBuildPhase;
			buildActionMask = 2147483647;
			files = (
			);
			runOnlyForDeploymentPostprocessing = 0;
		};
/* End PBXFrameworksBuildPhase section */

/* Begin PBXGroup section */
		BA70BBE32A79A5C000A4E19D = {
			isa = PBXGroup;
			children = (
				BA70BBEE2A79A5C000A4E19D /* JournalApp */,
				BA70BBED2A79A5C000A4E19D /* Products */,
			);
			sourceTree = "<group>";
		};
		BA70BBED2A79A5C000A4E19D /* Products */ = {
			isa = PBXGroup;
			children = (
				BA70BBEC2A79A5C000A4E19D /* JournalApp.app */,
			);
			name = Products;
			sourceTree = "<group>";
		};
		BA70BBEE2A79A5C000A4E19D /* JournalApp */ = {
			isa = PBXGroup;
			children = (
				BA70BBFD2A79A6AF00A4E19D /* Cards */,
				BA70BC122A79A8ED00A4E19D /* Challenges */,
				BA70BC212A79AA5D00A4E19D /* Data Model */,
				BA70BC2C2A79AB3E00A4E19D /* TitleViews */,
				BA70BBEF2A79A5C000A4E19D /* JournalAppApp.swift */,
				BA70BC3F2A79ACFD00A4E19D /* PickCardView.swift */,
				BA70BC412A79AD1C00A4E19D /* PreviewsView.swift */,
				BA70BC432A79AD3F00A4E19D /* SettingsView.swift */,
				BA70BC452A79AD5900A4E19D /* ThemeViews.swift */,
				BA70BC3B2A79AC8600A4E19D /* EntryList.swift */,
				BA70BC3D2A79ACA600A4E19D /* EntryView.swift */,
				BA70BC372A79AC2F00A4E19D /* ButtonViews.swift */,
				BA70BC392A79AC5500A4E19D /* CardView.swift */,
				BA70BBF12A79A5C000A4E19D /* ContentView.swift */,
				BA70BBF32A79A5C100A4E19D /* Assets.xcassets */,
				BA70BBF52A79A5C100A4E19D /* Preview Content */,
			);
			path = JournalApp;
			sourceTree = "<group>";
		};
		BA70BBF52A79A5C100A4E19D /* Preview Content */ = {
			isa = PBXGroup;
			children = (
				BA70BBF62A79A5C100A4E19D /* Preview Assets.xcassets */,
			);
			path = "Preview Content";
			sourceTree = "<group>";
		};
		BA70BBFD2A79A6AF00A4E19D /* Cards */ = {
			isa = PBXGroup;
			children = (
				BA70BBFE2A79A6CE00A4E19D /* MoodView.swift */,
				BA70BC002A79A70C00A4E19D /* MoodViewFull.swift */,
				BA70BC022A79A74E00A4E19D /* MoodViewHalf.swift */,
				BA70BC042A79A7EE00A4E19D /* PhotoView.swift */,
				BA70BC062A79A81B00A4E19D /* SketchView.swift */,
				BA70BC082A79A84300A4E19D /* SleepView.swift */,
				BA70BC0A2A79A86300A4E19D /* SleepViewFull.swift */,
				BA70BC0C2A79A88500A4E19D /* SleepViewHalf.swift */,
				BA70BC0E2A79A8A600A4E19D /* TextView.swift */,
				BA70BC102A79A8C600A4E19D /* TitleView.swift */,
			);
			path = Cards;
			sourceTree = "<group>";
		};
		BA70BC122A79A8ED00A4E19D /* Challenges */ = {
			isa = PBXGroup;
			children = (
				BA70BC132A79A93500A4E19D /* AmazingAlignment.swift */,
				BA70BC152A79A95700A4E19D /* DebuggingViews.swift */,
				BA70BC172A79A98800A4E19D /* FunWithFrames.swift */,
				BA70BC192A79A9C100A4E19D /* LayingOutContainersView.swift */,
				BA70BC1B2A79A9FA00A4E19D /* OrganizingViews.swift */,
				BA70BC1D2A79AA1D00A4E19D /* SizingView.swift */,
				BA70BC1F2A79AA3D00A4E19D /* ViewSizing.swift */,
			);
			path = Challenges;
			sourceTree = "<group>";
		};
		BA70BC212A79AA5D00A4E19D /* Data Model */ = {
			isa = PBXGroup;
			children = (
				BA70BC222A79AA8200A4E19D /* Card.swift */,
				BA70BC242A79AABC00A4E19D /* ColorExtension.swift */,
				BA70BC262A79AADC00A4E19D /* Entry.swift */,
				BA70BC282A79AAFD00A4E19D /* FileManagerExtension.swift */,
				BA70BC2A2A79AB1B00A4E19D /* JournalData.swift */,
			);
			path = "Data Model";
			sourceTree = "<group>";
		};
		BA70BC2C2A79AB3E00A4E19D /* TitleViews */ = {
			isa = PBXGroup;
			children = (
				BA70BC2D2A79AB6100A4E19D /* CurveThemeView.swift */,
				BA70BC2F2A79AB8700A4E19D /* DotsThemeView.swift */,
				BA70BC312A79ABA800A4E19D /* RayThemeView.swift */,
				BA70BC332A79ABDB00A4E19D /* WaveThemeView.swift */,
				BA70BC352A79AC0700A4E19D /* YourTitleBanner.swift */,
			);
			path = TitleViews;
			sourceTree = "<group>";
		};
/* End PBXGroup section */

/* Begin PBXNativeTarget section */
		BA70BBEB2A79A5C000A4E19D /* JournalApp */ = {
			isa = PBXNativeTarget;
			buildConfigurationList = BA70BBFA2A79A5C100A4E19D /* Build configuration list for PBXNativeTarget "JournalApp" */;
			buildPhases = (
				BA70BBE82A79A5C000A4E19D /* Sources */,
				BA70BBE92A79A5C000A4E19D /* Frameworks */,
				BA70BBEA2A79A5C000A4E19D /* Resources */,
			);
			buildRules = (
			);
			dependencies = (
			);
			name = JournalApp;
			productName = JournalApp;
			productReference = BA70BBEC2A79A5C000A4E19D /* JournalApp.app */;
			productType = "com.apple.product-type.application";
		};
/* End PBXNativeTarget section */

/* Begin PBXProject section */
		BA70BBE42A79A5C000A4E19D /* Project object */ = {
			isa = PBXProject;
			attributes = {
				BuildIndependentTargetsInParallel = 1;
				LastSwiftUpdateCheck = 1430;
				LastUpgradeCheck = 1430;
				TargetAttributes = {
					BA70BBEB2A79A5C000A4E19D = {
						CreatedOnToolsVersion = 14.3.1;
					};
				};
			};
			buildConfigurationList = BA70BBE72A79A5C000A4E19D /* Build configuration list for PBXProject "JournalApp" */;
			compatibilityVersion = "Xcode 14.0";
			developmentRegion = en;
			hasScannedForEncodings = 0;
			knownRegions = (
				en,
				Base,
			);
			mainGroup = BA70BBE32A79A5C000A4E19D;
			productRefGroup = BA70BBED2A79A5C000A4E19D /* Products */;
			projectDirPath = "";
			projectRoot = "";
			targets = (
				BA70BBEB2A79A5C000A4E19D /* JournalApp */,
			);
		};
/* End PBXProject section */

/* Begin PBXResourcesBuildPhase section */
		BA70BBEA2A79A5C000A4E19D /* Resources */ = {
			isa = PBXResourcesBuildPhase;
			buildActionMask = 2147483647;
			files = (
				BA70BBF72A79A5C100A4E19D /* Preview Assets.xcassets in Resources */,
				BA70BBF42A79A5C100A4E19D /* Assets.xcassets in Resources */,
			);
			runOnlyForDeploymentPostprocessing = 0;
		};
/* End PBXResourcesBuildPhase section */

/* Begin PBXSourcesBuildPhase section */
		BA70BBE82A79A5C000A4E19D /* Sources */ = {
			isa = PBXSourcesBuildPhase;
			buildActionMask = 2147483647;
			files = (
				BA70BC2E2A79AB6100A4E19D /* CurveThemeView.swift in Sources */,
				BA70BC182A79A98800A4E19D /* FunWithFrames.swift in Sources */,
				BA70BC382A79AC2F00A4E19D /* ButtonViews.swift in Sources */,
				BA70BC2B2A79AB1B00A4E19D /* JournalData.swift in Sources */,
				BA70BC142A79A93500A4E19D /* AmazingAlignment.swift in Sources */,
				BA70BC162A79A95700A4E19D /* DebuggingViews.swift in Sources */,
				BA70BC462A79AD5900A4E19D /* ThemeViews.swift in Sources */,
				BA70BC032A79A74E00A4E19D /* MoodViewHalf.swift in Sources */,
				BA70BC362A79AC0700A4E19D /* YourTitleBanner.swift in Sources */,
				BA70BC0F2A79A8A600A4E19D /* TextView.swift in Sources */,
				BA70BC3A2A79AC5500A4E19D /* CardView.swift in Sources */,
				BA70BC1A2A79A9C100A4E19D /* LayingOutContainersView.swift in Sources */,
				BA70BC272A79AADC00A4E19D /* Entry.swift in Sources */,
				BA70BC0B2A79A86300A4E19D /* SleepViewFull.swift in Sources */,
				BA70BC232A79AA8200A4E19D /* Card.swift in Sources */,
				BA70BBF22A79A5C000A4E19D /* ContentView.swift in Sources */,
				BA70BBFF2A79A6CE00A4E19D /* MoodView.swift in Sources */,
				BA70BC322A79ABA800A4E19D /* RayThemeView.swift in Sources */,
				BA70BC052A79A7EE00A4E19D /* PhotoView.swift in Sources */,
				BA70BC1E2A79AA1D00A4E19D /* SizingView.swift in Sources */,
				BA70BC252A79AABC00A4E19D /* ColorExtension.swift in Sources */,
				BA70BC012A79A70C00A4E19D /* MoodViewFull.swift in Sources */,
				BA70BC442A79AD3F00A4E19D /* SettingsView.swift in Sources */,
				BA70BC402A79ACFD00A4E19D /* PickCardView.swift in Sources */,
				BA70BBF02A79A5C000A4E19D /* JournalAppApp.swift in Sources */,
				BA70BC292A79AAFD00A4E19D /* FileManagerExtension.swift in Sources */,
				BA70BC422A79AD1C00A4E19D /* PreviewsView.swift in Sources */,
				BA70BC092A79A84300A4E19D /* SleepView.swift in Sources */,
				BA70BC3C2A79AC8600A4E19D /* EntryList.swift in Sources */,
				BA70BC302A79AB8700A4E19D /* DotsThemeView.swift in Sources */,
				BA70BC072A79A81B00A4E19D /* SketchView.swift in Sources */,
				BA70BC342A79ABDB00A4E19D /* WaveThemeView.swift in Sources */,
				BA70BC0D2A79A88500A4E19D /* SleepViewHalf.swift in Sources */,
				BA70BC112A79A8C600A4E19D /* TitleView.swift in Sources */,
				BA70BC1C2A79A9FA00A4E19D /* OrganizingViews.swift in Sources */,
				BA70BC202A79AA3D00A4E19D /* ViewSizing.swift in Sources */,
				BA70BC3E2A79ACA600A4E19D /* EntryView.swift in Sources */,
			);
			runOnlyForDeploymentPostprocessing = 0;
		};
/* End PBXSourcesBuildPhase section */

/* Begin XCBuildConfiguration section */
		BA70BBF82A79A5C100A4E19D /* Debug */ = {
			isa = XCBuildConfiguration;
			buildSettings = {
				ALWAYS_SEARCH_USER_PATHS = NO;
				CLANG_ANALYZER_NONNULL = YES;
				CLANG_ANALYZER_NUMBER_OBJECT_CONVERSION = YES_AGGRESSIVE;
				CLANG_CXX_LANGUAGE_STANDARD = "gnu++20";
				CLANG_ENABLE_MODULES = YES;
				CLANG_ENABLE_OBJC_ARC = YES;
				CLANG_ENABLE_OBJC_WEAK = YES;
				CLANG_WARN_BLOCK_CAPTURE_AUTORELEASING = YES;
				CLANG_WARN_BOOL_CONVERSION = YES;
				CLANG_WARN_COMMA = YES;
				CLANG_WARN_CONSTANT_CONVERSION = YES;
				CLANG_WARN_DEPRECATED_OBJC_IMPLEMENTATIONS = YES;
				CLANG_WARN_DIRECT_OBJC_ISA_USAGE = YES_ERROR;
				CLANG_WARN_DOCUMENTATION_COMMENTS = YES;
				CLANG_WARN_EMPTY_BODY = YES;
				CLANG_WARN_ENUM_CONVERSION = YES;
				CLANG_WARN_INFINITE_RECURSION = YES;
				CLANG_WARN_INT_CONVERSION = YES;
				CLANG_WARN_NON_LITERAL_NULL_CONVERSION = YES;
				CLANG_WARN_OBJC_IMPLICIT_RETAIN_SELF = YES;
				CLANG_WARN_OBJC_LITERAL_CONVERSION = YES;
				CLANG_WARN_OBJC_ROOT_CLASS = YES_ERROR;
				CLANG_WARN_QUOTED_INCLUDE_IN_FRAMEWORK_HEADER = YES;
				CLANG_WARN_RANGE_LOOP_ANALYSIS = YES;
				CLANG_WARN_STRICT_PROTOTYPES = YES;
				CLANG_WARN_SUSPICIOUS_MOVE = YES;
				CLANG_WARN_UNGUARDED_AVAILABILITY = YES_AGGRESSIVE;
				CLANG_WARN_UNREACHABLE_CODE = YES;
				CLANG_WARN__DUPLICATE_METHOD_MATCH = YES;
				COPY_PHASE_STRIP = NO;
				DEBUG_INFORMATION_FORMAT = dwarf;
				ENABLE_STRICT_OBJC_MSGSEND = YES;
				ENABLE_TESTABILITY = YES;
				GCC_C_LANGUAGE_STANDARD = gnu11;
				GCC_DYNAMIC_NO_PIC = NO;
				GCC_NO_COMMON_BLOCKS = YES;
				GCC_OPTIMIZATION_LEVEL = 0;
				GCC_PREPROCESSOR_DEFINITIONS = (
					"DEBUG=1",
					"$(inherited)",
				);
				GCC_WARN_64_TO_32_BIT_CONVERSION = YES;
				GCC_WARN_ABOUT_RETURN_TYPE = YES_ERROR;
				GCC_WARN_UNDECLARED_SELECTOR = YES;
				GCC_WARN_UNINITIALIZED_AUTOS = YES_AGGRESSIVE;
				GCC_WARN_UNUSED_FUNCTION = YES;
				GCC_WARN_UNUSED_VARIABLE = YES;
				IPHONEOS_DEPLOYMENT_TARGET = 16.4;
				MTL_ENABLE_DEBUG_INFO = INCLUDE_SOURCE;
				MTL_FAST_MATH = YES;
				ONLY_ACTIVE_ARCH = YES;
				SDKROOT = iphoneos;
				SWIFT_ACTIVE_COMPILATION_CONDITIONS = DEBUG;
				SWIFT_OPTIMIZATION_LEVEL = "-Onone";
			};
			name = Debug;
		};
		BA70BBF92A79A5C100A4E19D /* Release */ = {
			isa = XCBuildConfiguration;
			buildSettings = {
				ALWAYS_SEARCH_USER_PATHS = NO;
				CLANG_ANALYZER_NONNULL = YES;
				CLANG_ANALYZER_NUMBER_OBJECT_CONVERSION = YES_AGGRESSIVE;
				CLANG_CXX_LANGUAGE_STANDARD = "gnu++20";
				CLANG_ENABLE_MODULES = YES;
				CLANG_ENABLE_OBJC_ARC = YES;
				CLANG_ENABLE_OBJC_WEAK = YES;
				CLANG_WARN_BLOCK_CAPTURE_AUTORELEASING = YES;
				CLANG_WARN_BOOL_CONVERSION = YES;
				CLANG_WARN_COMMA = YES;
				CLANG_WARN_CONSTANT_CONVERSION = YES;
				CLANG_WARN_DEPRECATED_OBJC_IMPLEMENTATIONS = YES;
				CLANG_WARN_DIRECT_OBJC_ISA_USAGE = YES_ERROR;
				CLANG_WARN_DOCUMENTATION_COMMENTS = YES;
				CLANG_WARN_EMPTY_BODY = YES;
				CLANG_WARN_ENUM_CONVERSION = YES;
				CLANG_WARN_INFINITE_RECURSION = YES;
				CLANG_WARN_INT_CONVERSION = YES;
				CLANG_WARN_NON_LITERAL_NULL_CONVERSION = YES;
				CLANG_WARN_OBJC_IMPLICIT_RETAIN_SELF = YES;
				CLANG_WARN_OBJC_LITERAL_CONVERSION = YES;
				CLANG_WARN_OBJC_ROOT_CLASS = YES_ERROR;
				CLANG_WARN_QUOTED_INCLUDE_IN_FRAMEWORK_HEADER = YES;
				CLANG_WARN_RANGE_LOOP_ANALYSIS = YES;
				CLANG_WARN_STRICT_PROTOTYPES = YES;
				CLANG_WARN_SUSPICIOUS_MOVE = YES;
				CLANG_WARN_UNGUARDED_AVAILABILITY = YES_AGGRESSIVE;
				CLANG_WARN_UNREACHABLE_CODE = YES;
				CLANG_WARN__DUPLICATE_METHOD_MATCH = YES;
				COPY_PHASE_STRIP = NO;
				DEBUG_INFORMATION_FORMAT = "dwarf-with-dsym";
				ENABLE_NS_ASSERTIONS = NO;
				ENABLE_STRICT_OBJC_MSGSEND = YES;
				GCC_C_LANGUAGE_STANDARD = gnu11;
				GCC_NO_COMMON_BLOCKS = YES;
				GCC_WARN_64_TO_32_BIT_CONVERSION = YES;
				GCC_WARN_ABOUT_RETURN_TYPE = YES_ERROR;
				GCC_WARN_UNDECLARED_SELECTOR = YES;
				GCC_WARN_UNINITIALIZED_AUTOS = YES_AGGRESSIVE;
				GCC_WARN_UNUSED_FUNCTION = YES;
				GCC_WARN_UNUSED_VARIABLE = YES;
				IPHONEOS_DEPLOYMENT_TARGET = 16.4;
				MTL_ENABLE_DEBUG_INFO = NO;
				MTL_FAST_MATH = YES;
				SDKROOT = iphoneos;
				SWIFT_COMPILATION_MODE = wholemodule;
				SWIFT_OPTIMIZATION_LEVEL = "-O";
				VALIDATE_PRODUCT = YES;
			};
			name = Release;
		};
		BA70BBFB2A79A5C100A4E19D /* Debug */ = {
			isa = XCBuildConfiguration;
			buildSettings = {
				ASSETCATALOG_COMPILER_APPICON_NAME = AppIcon;
				ASSETCATALOG_COMPILER_GLOBAL_ACCENT_COLOR_NAME = AccentColor;
				CODE_SIGN_STYLE = Automatic;
				CURRENT_PROJECT_VERSION = 1;
				DEVELOPMENT_ASSET_PATHS = "\"JournalApp/Preview Content\"";
				DEVELOPMENT_TEAM = ZVH6XSDGG7;
				ENABLE_PREVIEWS = YES;
				GENERATE_INFOPLIST_FILE = YES;
				INFOPLIST_KEY_UIApplicationSceneManifest_Generation = YES;
				INFOPLIST_KEY_UIApplicationSupportsIndirectInputEvents = YES;
				INFOPLIST_KEY_UILaunchScreen_Generation = YES;
				INFOPLIST_KEY_UISupportedInterfaceOrientations_iPad = "UIInterfaceOrientationPortrait UIInterfaceOrientationPortraitUpsideDown UIInterfaceOrientationLandscapeLeft UIInterfaceOrientationLandscapeRight";
				INFOPLIST_KEY_UISupportedInterfaceOrientations_iPhone = "UIInterfaceOrientationPortrait UIInterfaceOrientationLandscapeLeft UIInterfaceOrientationLandscapeRight";
				LD_RUNPATH_SEARCH_PATHS = (
					"$(inherited)",
					"@executable_path/Frameworks",
				);
				MARKETING_VERSION = 1.0;
				PRODUCT_BUNDLE_IDENTIFIER = com.marquezgabriel.JournalApp;
				PRODUCT_NAME = "$(TARGET_NAME)";
				SWIFT_EMIT_LOC_STRINGS = YES;
				SWIFT_VERSION = 5.0;
				TARGETED_DEVICE_FAMILY = "1,2";
			};
			name = Debug;
		};
		BA70BBFC2A79A5C100A4E19D /* Release */ = {
			isa = XCBuildConfiguration;
			buildSettings = {
				ASSETCATALOG_COMPILER_APPICON_NAME = AppIcon;
				ASSETCATALOG_COMPILER_GLOBAL_ACCENT_COLOR_NAME = AccentColor;
				CODE_SIGN_STYLE = Automatic;
				CURRENT_PROJECT_VERSION = 1;
				DEVELOPMENT_ASSET_PATHS = "\"JournalApp/Preview Content\"";
				DEVELOPMENT_TEAM = ZVH6XSDGG7;
				ENABLE_PREVIEWS = YES;
				GENERATE_INFOPLIST_FILE = YES;
				INFOPLIST_KEY_UIApplicationSceneManifest_Generation = YES;
				INFOPLIST_KEY_UIApplicationSupportsIndirectInputEvents = YES;
				INFOPLIST_KEY_UILaunchScreen_Generation = YES;
				INFOPLIST_KEY_UISupportedInterfaceOrientations_iPad = "UIInterfaceOrientationPortrait UIInterfaceOrientationPortraitUpsideDown UIInterfaceOrientationLandscapeLeft UIInterfaceOrientationLandscapeRight";
				INFOPLIST_KEY_UISupportedInterfaceOrientations_iPhone = "UIInterfaceOrientationPortrait UIInterfaceOrientationLandscapeLeft UIInterfaceOrientationLandscapeRight";
				LD_RUNPATH_SEARCH_PATHS = (
					"$(inherited)",
					"@executable_path/Frameworks",
				);
				MARKETING_VERSION = 1.0;
				PRODUCT_BUNDLE_IDENTIFIER = com.marquezgabriel.JournalApp;
				PRODUCT_NAME = "$(TARGET_NAME)";
				SWIFT_EMIT_LOC_STRINGS = YES;
				SWIFT_VERSION = 5.0;
				TARGETED_DEVICE_FAMILY = "1,2";
			};
			name = Release;
		};
/* End XCBuildConfiguration section */

/* Begin XCConfigurationList section */
		BA70BBE72A79A5C000A4E19D /* Build configuration list for PBXProject "JournalApp" */ = {
			isa = XCConfigurationList;
			buildConfigurations = (
				BA70BBF82A79A5C100A4E19D /* Debug */,
				BA70BBF92A79A5C100A4E19D /* Release */,
			);
			defaultConfigurationIsVisible = 0;
			defaultConfigurationName = Release;
		};
		BA70BBFA2A79A5C100A4E19D /* Build configuration list for PBXNativeTarget "JournalApp" */ = {
			isa = XCConfigurationList;
			buildConfigurations = (
				BA70BBFB2A79A5C100A4E19D /* Debug */,
				BA70BBFC2A79A5C100A4E19D /* Release */,
			);
			defaultConfigurationIsVisible = 0;
			defaultConfigurationName = Release;
		};
/* End XCConfigurationList section */
	};
	rootObject = BA70BBE42A79A5C000A4E19D /* Project object */;
}
